// !$*UTF8*$!
{
	archiveVersion = 1;
	classes = {
	};
	objectVersion = 46;
	objects = {

/* Begin PBXBuildFile section */
		FEDCB2B119B0DCB800FB2919 /* main.m in Sources */ = {isa = PBXBuildFile; fileRef = FEDCB2B019B0DCB800FB2919 /* main.m */; };
		FEDCB2B419B0DCB800FB2919 /* AppDelegate.m in Sources */ = {isa = PBXBuildFile; fileRef = FEDCB2B319B0DCB800FB2919 /* AppDelegate.m */; };
		FEDCB2B719B0DCB800FB2919 /* PSRBlocksExampleViewController.m in Sources */ = {isa = PBXBuildFile; fileRef = FEDCB2B619B0DCB800FB2919 /* PSRBlocksExampleViewController.m */; };
		FEDCB2BA19B0DCB800FB2919 /* Main.storyboard in Resources */ = {isa = PBXBuildFile; fileRef = FEDCB2B819B0DCB800FB2919 /* Main.storyboard */; };
		FEDCB2BC19B0DCB800FB2919 /* Images.xcassets in Resources */ = {isa = PBXBuildFile; fileRef = FEDCB2BB19B0DCB800FB2919 /* Images.xcassets */; };
		FEDCB2C819B0DCB800FB2919 /* PSRBlocksTests.m in Sources */ = {isa = PBXBuildFile; fileRef = FEDCB2C719B0DCB800FB2919 /* PSRBlocksTests.m */; };
/* End PBXBuildFile section */

/* Begin PBXContainerItemProxy section */
		FEDCB2C219B0DCB800FB2919 /* PBXContainerItemProxy */ = {
			isa = PBXContainerItemProxy;
			containerPortal = FEDCB2A319B0DCB800FB2919 /* Project object */;
			proxyType = 1;
			remoteGlobalIDString = FEDCB2AA19B0DCB800FB2919;
			remoteInfo = PSRBlocks;
		};
/* End PBXContainerItemProxy section */

/* Begin PBXFileReference section */
		FEDCB2AB19B0DCB800FB2919 /* PSRBlocks.app */ = {isa = PBXFileReference; explicitFileType = wrapper.application; includeInIndex = 0; path = PSRBlocks.app; sourceTree = BUILT_PRODUCTS_DIR; };
		FEDCB2AF19B0DCB800FB2919 /* Info.plist */ = {isa = PBXFileReference; lastKnownFileType = text.plist.xml; path = Info.plist; sourceTree = "<group>"; };
		FEDCB2B019B0DCB800FB2919 /* main.m */ = {isa = PBXFileReference; lastKnownFileType = sourcecode.c.objc; path = main.m; sourceTree = "<group>"; };
		FEDCB2B219B0DCB800FB2919 /* AppDelegate.h */ = {isa = PBXFileReference; lastKnownFileType = sourcecode.c.h; path = AppDelegate.h; sourceTree = "<group>"; };
		FEDCB2B319B0DCB800FB2919 /* AppDelegate.m */ = {isa = PBXFileReference; lastKnownFileType = sourcecode.c.objc; path = AppDelegate.m; sourceTree = "<group>"; };
		FEDCB2B519B0DCB800FB2919 /* PSRBlocksExampleViewController.h */ = {isa = PBXFileReference; lastKnownFileType = sourcecode.c.h; path = PSRBlocksExampleViewController.h; sourceTree = "<group>"; };
		FEDCB2B619B0DCB800FB2919 /* PSRBlocksExampleViewController.m */ = {isa = PBXFileReference; lastKnownFileType = sourcecode.c.objc; path = PSRBlocksExampleViewController.m; sourceTree = "<group>"; };
		FEDCB2B919B0DCB800FB2919 /* Base */ = {isa = PBXFileReference; lastKnownFileType = file.storyboard; name = Base; path = Base.lproj/Main.storyboard; sourceTree = "<group>"; };
		FEDCB2BB19B0DCB800FB2919 /* Images.xcassets */ = {isa = PBXFileReference; lastKnownFileType = folder.assetcatalog; path = Images.xcassets; sourceTree = "<group>"; };
		FEDCB2C119B0DCB800FB2919 /* PSRBlocksTests.xctest */ = {isa = PBXFileReference; explicitFileType = wrapper.cfbundle; includeInIndex = 0; path = PSRBlocksTests.xctest; sourceTree = BUILT_PRODUCTS_DIR; };
		FEDCB2C619B0DCB800FB2919 /* Info.plist */ = {isa = PBXFileReference; lastKnownFileType = text.plist.xml; path = Info.plist; sourceTree = "<group>"; };
		FEDCB2C719B0DCB800FB2919 /* PSRBlocksTests.m */ = {isa = PBXFileReference; lastKnownFileType = sourcecode.c.objc; path = PSRBlocksTests.m; sourceTree = "<group>"; };
/* End PBXFileReference section */

/* Begin PBXFrameworksBuildPhase section */
		FEDCB2A819B0DCB800FB2919 /* Frameworks */ = {
			isa = PBXFrameworksBuildPhase;
			buildActionMask = 2147483647;
			files = (
			);
			runOnlyForDeploymentPostprocessing = 0;
		};
		FEDCB2BE19B0DCB800FB2919 /* Frameworks */ = {
			isa = PBXFrameworksBuildPhase;
			buildActionMask = 2147483647;
			files = (
			);
			runOnlyForDeploymentPostprocessing = 0;
		};
/* End PBXFrameworksBuildPhase section */

/* Begin PBXGroup section */
		FEDCB2A219B0DCB800FB2919 = {
			isa = PBXGroup;
			children = (
				FEDCB2AD19B0DCB800FB2919 /* PSRBlocks */,
				FEDCB2C419B0DCB800FB2919 /* PSRBlocksTests */,
				FEDCB2AC19B0DCB800FB2919 /* Products */,
			);
			sourceTree = "<group>";
		};
		FEDCB2AC19B0DCB800FB2919 /* Products */ = {
			isa = PBXGroup;
			children = (
				FEDCB2AB19B0DCB800FB2919 /* PSRBlocks.app */,
				FEDCB2C119B0DCB800FB2919 /* PSRBlocksTests.xctest */,
			);
			name = Products;
			sourceTree = "<group>";
		};
		FEDCB2AD19B0DCB800FB2919 /* PSRBlocks */ = {
			isa = PBXGroup;
			children = (
				FEDCB2B219B0DCB800FB2919 /* AppDelegate.h */,
				FEDCB2B319B0DCB800FB2919 /* AppDelegate.m */,
				FEDCB2B519B0DCB800FB2919 /* PSRBlocksExampleViewController.h */,
				FEDCB2B619B0DCB800FB2919 /* PSRBlocksExampleViewController.m */,
				FEDCB2B819B0DCB800FB2919 /* Main.storyboard */,
				FEDCB2BB19B0DCB800FB2919 /* Images.xcassets */,
				FEDCB2AE19B0DCB800FB2919 /* Supporting Files */,
			);
			path = PSRBlocks;
			sourceTree = "<group>";
		};
		FEDCB2AE19B0DCB800FB2919 /* Supporting Files */ = {
			isa = PBXGroup;
			children = (
				FEDCB2AF19B0DCB800FB2919 /* Info.plist */,
				FEDCB2B019B0DCB800FB2919 /* main.m */,
			);
			name = "Supporting Files";
			sourceTree = "<group>";
		};
		FEDCB2C419B0DCB800FB2919 /* PSRBlocksTests */ = {
			isa = PBXGroup;
			children = (
				FEDCB2C719B0DCB800FB2919 /* PSRBlocksTests.m */,
				FEDCB2C519B0DCB800FB2919 /* Supporting Files */,
			);
			path = PSRBlocksTests;
			sourceTree = "<group>";
		};
		FEDCB2C519B0DCB800FB2919 /* Supporting Files */ = {
			isa = PBXGroup;
			children = (
				FEDCB2C619B0DCB800FB2919 /* Info.plist */,
			);
			name = "Supporting Files";
			sourceTree = "<group>";
		};
/* End PBXGroup section */

/* Begin PBXNativeTarget section */
		FEDCB2AA19B0DCB800FB2919 /* PSRBlocks */ = {
			isa = PBXNativeTarget;
			buildConfigurationList = FEDCB2CB19B0DCB800FB2919 /* Build configuration list for PBXNativeTarget "PSRBlocks" */;
			buildPhases = (
				FEDCB2A719B0DCB800FB2919 /* Sources */,
				FEDCB2A819B0DCB800FB2919 /* Frameworks */,
				FEDCB2A919B0DCB800FB2919 /* Resources */,
			);
			buildRules = (
			);
			dependencies = (
			);
			name = PSRBlocks;
			productName = PSRBlocks;
			productReference = FEDCB2AB19B0DCB800FB2919 /* PSRBlocks.app */;
			productType = "com.apple.product-type.application";
		};
		FEDCB2C019B0DCB800FB2919 /* PSRBlocksTests */ = {
			isa = PBXNativeTarget;
			buildConfigurationList = FEDCB2CE19B0DCB800FB2919 /* Build configuration list for PBXNativeTarget "PSRBlocksTests" */;
			buildPhases = (
				FEDCB2BD19B0DCB800FB2919 /* Sources */,
				FEDCB2BE19B0DCB800FB2919 /* Frameworks */,
				FEDCB2BF19B0DCB800FB2919 /* Resources */,
			);
			buildRules = (
			);
			dependencies = (
				FEDCB2C319B0DCB800FB2919 /* PBXTargetDependency */,
			);
			name = PSRBlocksTests;
			productName = PSRBlocksTests;
			productReference = FEDCB2C119B0DCB800FB2919 /* PSRBlocksTests.xctest */;
			productType = "com.apple.product-type.bundle.unit-test";
		};
/* End PBXNativeTarget section */

/* Begin PBXProject section */
		FEDCB2A319B0DCB800FB2919 /* Project object */ = {
			isa = PBXProject;
			attributes = {
				LastUpgradeCheck = 0600;
				ORGANIZATIONNAME = n.shubenkov;
				TargetAttributes = {
					FEDCB2AA19B0DCB800FB2919 = {
						CreatedOnToolsVersion = 6.0;
					};
					FEDCB2C019B0DCB800FB2919 = {
						CreatedOnToolsVersion = 6.0;
						TestTargetID = FEDCB2AA19B0DCB800FB2919;
					};
				};
			};
			buildConfigurationList = FEDCB2A619B0DCB800FB2919 /* Build configuration list for PBXProject "PSRBlocks" */;
			compatibilityVersion = "Xcode 3.2";
			developmentRegion = English;
			hasScannedForEncodings = 0;
			knownRegions = (
				en,
				Base,
			);
			mainGroup = FEDCB2A219B0DCB800FB2919;
			productRefGroup = FEDCB2AC19B0DCB800FB2919 /* Products */;
			projectDirPath = "";
			projectRoot = "";
			targets = (
				FEDCB2AA19B0DCB800FB2919 /* PSRBlocks */,
				FEDCB2C019B0DCB800FB2919 /* PSRBlocksTests */,
			);
		};
/* End PBXProject section */

/* Begin PBXResourcesBuildPhase section */
		FEDCB2A919B0DCB800FB2919 /* Resources */ = {
			isa = PBXResourcesBuildPhase;
			buildActionMask = 2147483647;
			files = (
				FEDCB2BA19B0DCB800FB2919 /* Main.storyboard in Resources */,
				FEDCB2BC19B0DCB800FB2919 /* Images.xcassets in Resources */,
			);
			runOnlyForDeploymentPostprocessing = 0;
		};
		FEDCB2BF19B0DCB800FB2919 /* Resources */ = {
			isa = PBXResourcesBuildPhase;
			buildActionMask = 2147483647;
			files = (
			);
			runOnlyForDeploymentPostprocessing = 0;
		};
/* End PBXResourcesBuildPhase section */

/* Begin PBXSourcesBuildPhase section */
		FEDCB2A719B0DCB800FB2919 /* Sources */ = {
			isa = PBXSourcesBuildPhase;
			buildActionMask = 2147483647;
			files = (
				FEDCB2B719B0DCB800FB2919 /* PSRBlocksExampleViewController.m in Sources */,
				FEDCB2B419B0DCB800FB2919 /* AppDelegate.m in Sources */,
				FEDCB2B119B0DCB800FB2919 /* main.m in Sources */,
			);
			runOnlyForDeploymentPostprocessing = 0;
		};
		FEDCB2BD19B0DCB800FB2919 /* Sources */ = {
			isa = PBXSourcesBuildPhase;
			buildActionMask = 2147483647;
			files = (
				FEDCB2C819B0DCB800FB2919 /* PSRBlocksTests.m in Sources */,
			);
			runOnlyForDeploymentPostprocessing = 0;
		};
/* End PBXSourcesBuildPhase section */

/* Begin PBXTargetDependency section */
		FEDCB2C319B0DCB800FB2919 /* PBXTargetDependency */ = {
			isa = PBXTargetDependency;
			target = FEDCB2AA19B0DCB800FB2919 /* PSRBlocks */;
			targetProxy = FEDCB2C219B0DCB800FB2919 /* PBXContainerItemProxy */;
		};
/* End PBXTargetDependency section */

/* Begin PBXVariantGroup section */
		FEDCB2B819B0DCB800FB2919 /* Main.storyboard */ = {
			isa = PBXVariantGroup;
			children = (
				FEDCB2B919B0DCB800FB2919 /* Base */,
			);
			name = Main.storyboard;
			sourceTree = "<group>";
		};
/* End PBXVariantGroup section */

/* Begin XCBuildConfiguration section */
		FEDCB2C919B0DCB800FB2919 /* Debug */ = {
			isa = XCBuildConfiguration;
			buildSettings = {
				ALWAYS_SEARCH_USER_PATHS = NO;
				CLANG_CXX_LANGUAGE_STANDARD = "gnu++0x";
				CLANG_CXX_LIBRARY = "libc++";
				CLANG_ENABLE_MODULES = YES;
				CLANG_ENABLE_OBJC_ARC = YES;
				CLANG_WARN_BOOL_CONVERSION = YES;
				CLANG_WARN_CONSTANT_CONVERSION = YES;
				CLANG_WARN_DIRECT_OBJC_ISA_USAGE = YES_ERROR;
				CLANG_WARN_EMPTY_BODY = YES;
				CLANG_WARN_ENUM_CONVERSION = YES;
				CLANG_WARN_INT_CONVERSION = YES;
				CLANG_WARN_OBJC_ROOT_CLASS = YES_ERROR;
				CLANG_WARN_UNREACHABLE_CODE = YES;
				CLANG_WARN__DUPLICATE_METHOD_MATCH = YES;
				"CODE_SIGN_IDENTITY[sdk=iphoneos*]" = "iPhone Developer";
				COPY_PHASE_STRIP = NO;
				ENABLE_STRICT_OBJC_MSGSEND = YES;
				GCC_C_LANGUAGE_STANDARD = gnu99;
				GCC_DYNAMIC_NO_PIC = NO;
				GCC_OPTIMIZATION_LEVEL = 0;
				GCC_PREPROCESSOR_DEFINITIONS = (
					"DEBUG=1",
					"$(inherited)",
				);
				GCC_SYMBOLS_PRIVATE_EXTERN = NO;
				GCC_WARN_64_TO_32_BIT_CONVERSION = YES;
				GCC_WARN_ABOUT_RETURN_TYPE = YES_ERROR;
				GCC_WARN_UNDECLARED_SELECTOR = YES;
				GCC_WARN_UNINITIALIZED_AUTOS = YES_AGGRESSIVE;
				GCC_WARN_UNUSED_FUNCTION = YES;
				GCC_WARN_UNUSED_VARIABLE = YES;
				IPHONEOS_DEPLOYMENT_TARGET = 8.0;
				MTL_ENABLE_DEBUG_INFO = YES;
				ONLY_ACTIVE_ARCH = YES;
				SDKROOT = iphoneos;
				TARGETED_DEVICE_FAMILY = "1,2";
			};
			name = Debug;
		};
		FEDCB2CA19B0DCB800FB2919 /* Release */ = {
			isa = XCBuildConfiguration;
			buildSettings = {
				ALWAYS_SEARCH_USER_PATHS = NO;
				CLANG_CXX_LANGUAGE_STANDARD = "gnu++0x";
				CLANG_CXX_LIBRARY = "libc++";
				CLANG_ENABLE_MODULES = YES;
				CLANG_ENABLE_OBJC_ARC = YES;
				CLANG_WARN_BOOL_CONVERSION = YES;
				CLANG_WARN_CONSTANT_CONVERSION = YES;
				CLANG_WARN_DIRECT_OBJC_ISA_USAGE = YES_ERROR;
				CLANG_WARN_EMPTY_BODY = YES;
				CLANG_WARN_ENUM_CONVERSION = YES;
				CLANG_WARN_INT_CONVERSION = YES;
				CLANG_WARN_OBJC_ROOT_CLASS = YES_ERROR;
				CLANG_WARN_UNREACHABLE_CODE = YES;
				CLANG_WARN__DUPLICATE_METHOD_MATCH = YES;
				"CODE_SIGN_IDENTITY[sdk=iphoneos*]" = "iPhone Developer";
				COPY_PHASE_STRIP = YES;
				ENABLE_NS_ASSERTIONS = NO;
				ENABLE_STRICT_OBJC_MSGSEND = YES;
				GCC_C_LANGUAGE_STANDARD = gnu99;
				GCC_WARN_64_TO_32_BIT_CONVERSION = YES;
				GCC_WARN_ABOUT_RETURN_TYPE = YES_ERROR;
				GCC_WARN_UNDECLARED_SELECTOR = YES;
				GCC_WARN_UNINITIALIZED_AUTOS = YES_AGGRESSIVE;
				GCC_WARN_UNUSED_FUNCTION = YES;
				GCC_WARN_UNUSED_VARIABLE = YES;
				IPHONEOS_DEPLOYMENT_TARGET = 8.0;
				MTL_ENABLE_DEBUG_INFO = NO;
				SDKROOT = iphoneos;
				TARGETED_DEVICE_FAMILY = "1,2";
				VALIDATE_PRODUCT = YES;
			};
			name = Release;
		};
		FEDCB2CC19B0DCB800FB2919 /* Debug */ = {
			isa = XCBuildConfiguration;
			buildSettings = {
				ASSETCATALOG_COMPILER_APPICON_NAME = AppIcon;
				ASSETCATALOG_COMPILER_LAUNCHIMAGE_NAME = LaunchImage;
				INFOPLIST_FILE = PSRBlocks/Info.plist;
				LD_RUNPATH_SEARCH_PATHS = "$(inherited) @executable_path/Frameworks";
				PRODUCT_NAME = "$(TARGET_NAME)";
			};
			name = Debug;
		};
		FEDCB2CD19B0DCB800FB2919 /* Release */ = {
			isa = XCBuildConfiguration;
			buildSettings = {
				ASSETCATALOG_COMPILER_APPICON_NAME = AppIcon;
				ASSETCATALOG_COMPILER_LAUNCHIMAGE_NAME = LaunchImage;
				INFOPLIST_FILE = PSRBlocks/Info.plist;
				LD_RUNPATH_SEARCH_PATHS = "$(inherited) @executable_path/Frameworks";
				PRODUCT_NAME = "$(TARGET_NAME)";
			};
			name = Release;
		};
		FEDCB2CF19B0DCB800FB2919 /* Debug */ = {
			isa = XCBuildConfiguration;
			buildSettings = {
				BUNDLE_LOADER = "$(TEST_HOST)";
				FRAMEWORK_SEARCH_PATHS = (
					"$(SDKROOT)/Developer/Library/Frameworks",
					"$(inherited)",
				);
				GCC_PREPROCESSOR_DEFINITIONS = (
					"DEBUG=1",
					"$(inherited)",
				);
				INFOPLIST_FILE = PSRBlocksTests/Info.plist;
				LD_RUNPATH_SEARCH_PATHS = "$(inherited) @executable_path/Frameworks @loader_path/Frameworks";
				PRODUCT_NAME = "$(TARGET_NAME)";
				TEST_HOST = "$(BUILT_PRODUCTS_DIR)/PSRBlocks.app/PSRBlocks";
			};
			name = Debug;
		};
		FEDCB2D019B0DCB800FB2919 /* Release */ = {
			isa = XCBuildConfiguration;
			buildSettings = {
				BUNDLE_LOADER = "$(TEST_HOST)";
				FRAMEWORK_SEARCH_PATHS = (
					"$(SDKROOT)/Developer/Library/Frameworks",
					"$(inherited)",
				);
				INFOPLIST_FILE = PSRBlocksTests/Info.plist;
				LD_RUNPATH_SEARCH_PATHS = "$(inherited) @executable_path/Frameworks @loader_path/Frameworks";
				PRODUCT_NAME = "$(TARGET_NAME)";
				TEST_HOST = "$(BUILT_PRODUCTS_DIR)/PSRBlocks.app/PSRBlocks";
			};
			name = Release;
		};
/* End XCBuildConfiguration section */

/* Begin XCConfigurationList section */
		FEDCB2A619B0DCB800FB2919 /* Build configuration list for PBXProject "PSRBlocks" */ = {
			isa = XCConfigurationList;
			buildConfigurations = (
				FEDCB2C919B0DCB800FB2919 /* Debug */,
				FEDCB2CA19B0DCB800FB2919 /* Release */,
			);
			defaultConfigurationIsVisible = 0;
			defaultConfigurationName = Release;
		};
		FEDCB2CB19B0DCB800FB2919 /* Build configuration list for PBXNativeTarget "PSRBlocks" */ = {
			isa = XCConfigurationList;
			buildConfigurations = (
				FEDCB2CC19B0DCB800FB2919 /* Debug */,
				FEDCB2CD19B0DCB800FB2919 /* Release */,
			);
			defaultConfigurationIsVisible = 0;
		};
		FEDCB2CE19B0DCB800FB2919 /* Build configuration list for PBXNativeTarget "PSRBlocksTests" */ = {
			isa = XCConfigurationList;
			buildConfigurations = (
				FEDCB2CF19B0DCB800FB2919 /* Debug */,
				FEDCB2D019B0DCB800FB2919 /* Release */,
			);
			defaultConfigurationIsVisible = 0;
		};
/* End XCConfigurationList section */
	};
	rootObject = FEDCB2A319B0DCB800FB2919 /* Project object */;
}
